{
  "requires": true,
  "lockfileVersion": 1,
  "dependencies": {
    "foundation-sites": {
      "version": "6.8.1",
      "resolved": "https://registry.npmjs.org/foundation-sites/-/foundation-sites-6.8.1.tgz",
      "integrity": "sha512-9JAuLqVgzf7EIRUqVKeYN68dU/SGe0aNJPgnejdfJKSWnBFdQLF3Zvy9WEQ1gE/gnyvwG3Ia3LkkEd9774n0bQ=="
    }
  }
}
